
Microsoft Visual Studio Solution File, Format Version 12.00
# Visual Studio Version 16
VisualStudioVersion = 16.0.31829.152
MinimumVisualStudioVersion = 10.0.40219.1
Project("{FAE04EC0-301F-11D3-BF4B-00C04F79EFBC}") = "YieldDemoApp", "YieldDemoApp\YieldDemoApp.csproj", "{50BEFE90-D24C-40E1-B853-C80DC620DAE4}"
EndProject
Global
	GlobalSection(SolutionConfigurationPlatforms) = preSolution
		Debug|Any CPU = Debug|Any CPU
		Release|Any CPU = Release|Any CPU
	EndGlobalSection
	GlobalSection(ProjectConfigurationPlatforms) = postSolution
		{50BEFE90-D24C-40E1-B853-C80DC620DAE4}.Debug|Any CPU.ActiveCfg = Debug|Any CPU
		{50BEFE90-D24C-40E1-B853-C80DC620DAE4}.Debug|Any CPU.Build.0 = Debug|Any CPU
		{50BEFE90-D24C-40E1-B853-C80DC620DAE4}.Release|Any CPU.ActiveCfg = Release|Any CPU
		{50BEFE90-D24C-40E1-B853-C80DC620DAE4}.Release|Any CPU.Build.0 = Release|Any CPU
	EndGlobalSection
	GlobalSection(SolutionProperties) = preSolution
		HideSolutionNode = FALSE
	EndGlobalSection
	GlobalSection(ExtensibilityGlobals) = postSolution
		SolutionGuid = {214AB11D-FE2A-4594-8E0C-4D0A1AE5789B}
	EndGlobalSection
EndGlobal
